
Microsoft Visual Studio Solution File, Format Version 12.00
# Visual Studio Express 2012 for Windows Desktop
Project("{FAE04EC0-301F-11D3-BF4B-00C04F79EFBC}") = "WLANDeleteProfile", "WLANDeleteProfile.csproj", "{90FB51FA-A711-4B7D-8AFA-21705259A98E}"
EndProject
Global
	GlobalSection(SolutionConfigurationPlatforms) = preSolution
		Debug|Any CPU = Debug|Any CPU
		Release|Any CPU = Release|Any CPU
	EndGlobalSection
	GlobalSection(ProjectConfigurationPlatforms) = postSolution
		{90FB51FA-A711-4B7D-8AFA-21705259A98E}.Debug|Any CPU.ActiveCfg = Debug|Any CPU
		{90FB51FA-A711-4B7D-8AFA-21705259A98E}.Debug|Any CPU.Build.0 = Debug|Any CPU
		{90FB51FA-A711-4B7D-8AFA-21705259A98E}.Release|Any CPU.ActiveCfg = Release|Any CPU
		{90FB51FA-A711-4B7D-8AFA-21705259A98E}.Release|Any CPU.Build.0 = Release|Any CPU
	EndGlobalSection
	GlobalSection(SolutionProperties) = preSolution
		HideSolutionNode = FALSE
	EndGlobalSection
EndGlobal
